// !$*UTF8*$!
{
	archiveVersion = 1;
	classes = {
	};
	objectVersion = 48;
	objects = {

/* Begin PBXBuildFile section */
		A9FBFE8F1F7F3EB7006F7554 /* AppDelegate.m in Sources */ = {isa = PBXBuildFile; fileRef = A9FBFE8E1F7F3EB7006F7554 /* AppDelegate.m */; };
		A9FBFE921F7F3EB7006F7554 /* ViewController.m in Sources */ = {isa = PBXBuildFile; fileRef = A9FBFE911F7F3EB7006F7554 /* ViewController.m */; };
		A9FBFE951F7F3EB7006F7554 /* Main.storyboard in Resources */ = {isa = PBXBuildFile; fileRef = A9FBFE931F7F3EB7006F7554 /* Main.storyboard */; };
		A9FBFE971F7F3EB7006F7554 /* Assets.xcassets in Resources */ = {isa = PBXBuildFile; fileRef = A9FBFE961F7F3EB7006F7554 /* Assets.xcassets */; };
		A9FBFE9A1F7F3EB7006F7554 /* LaunchScreen.storyboard in Resources */ = {isa = PBXBuildFile; fileRef = A9FBFE981F7F3EB7006F7554 /* LaunchScreen.storyboard */; };
		A9FBFE9D1F7F3EB7006F7554 /* main.m in Sources */ = {isa = PBXBuildFile; fileRef = A9FBFE9C1F7F3EB7006F7554 /* main.m */; };
		A9FBFEA81F7F3F4E006F7554 /* myclas.m in Sources */ = {isa = PBXBuildFile; fileRef = A9FBFEA71F7F3F4E006F7554 /* myclas.m */; };
/* End PBXBuildFile section */

/* Begin PBXFileReference section */
		A9FBFE8A1F7F3EB7006F7554 /* emptyPro.app */ = {isa = PBXFileReference; explicitFileType = wrapper.application; includeInIndex = 0; path = emptyPro.app; sourceTree = BUILT_PRODUCTS_DIR; };
		A9FBFE8D1F7F3EB7006F7554 /* AppDelegate.h */ = {isa = PBXFileReference; lastKnownFileType = sourcecode.c.h; path = AppDelegate.h; sourceTree = "<group>"; };
		A9FBFE8E1F7F3EB7006F7554 /* AppDelegate.m */ = {isa = PBXFileReference; lastKnownFileType = sourcecode.c.objc; path = AppDelegate.m; sourceTree = "<group>"; };
		A9FBFE901F7F3EB7006F7554 /* ViewController.h */ = {isa = PBXFileReference; lastKnownFileType = sourcecode.c.h; path = ViewController.h; sourceTree = "<group>"; };
		A9FBFE911F7F3EB7006F7554 /* ViewController.m */ = {isa = PBXFileReference; lastKnownFileType = sourcecode.c.objc; path = ViewController.m; sourceTree = "<group>"; };
		A9FBFE941F7F3EB7006F7554 /* Base */ = {isa = PBXFileReference; lastKnownFileType = file.storyboard; name = Base; path = Base.lproj/Main.storyboard; sourceTree = "<group>"; };
		A9FBFE961F7F3EB7006F7554 /* Assets.xcassets */ = {isa = PBXFileReference; lastKnownFileType = folder.assetcatalog; path = Assets.xcassets; sourceTree = "<group>"; };
		A9FBFE991F7F3EB7006F7554 /* Base */ = {isa = PBXFileReference; lastKnownFileType = file.storyboard; name = Base; path = Base.lproj/LaunchScreen.storyboard; sourceTree = "<group>"; };
		A9FBFE9B1F7F3EB7006F7554 /* Info.plist */ = {isa = PBXFileReference; lastKnownFileType = text.plist.xml; path = Info.plist; sourceTree = "<group>"; };
		A9FBFE9C1F7F3EB7006F7554 /* main.m */ = {isa = PBXFileReference; lastKnownFileType = sourcecode.c.objc; path = main.m; sourceTree = "<group>"; };
		A9FBFEA61F7F3F4E006F7554 /* myclas.h */ = {isa = PBXFileReference; lastKnownFileType = sourcecode.c.h; path = myclas.h; sourceTree = "<group>"; };
		A9FBFEA71F7F3F4E006F7554 /* myclas.m */ = {isa = PBXFileReference; lastKnownFileType = sourcecode.c.objc; path = myclas.m; sourceTree = "<group>"; };
/* End PBXFileReference section */

/* Begin PBXFrameworksBuildPhase section */
		A9FBFE871F7F3EB7006F7554 /* Frameworks */ = {
			isa = PBXFrameworksBuildPhase;
			buildActionMask = 2147483647;
			files = (
			);
			runOnlyForDeploymentPostprocessing = 0;
		};
/* End PBXFrameworksBuildPhase section */

/* Begin PBXGroup section */
		A9FBFE811F7F3EB7006F7554 = {
			isa = PBXGroup;
			children = (
				A9FBFE8C1F7F3EB7006F7554 /* emptyPro */,
				A9FBFE8B1F7F3EB7006F7554 /* Products */,
			);
			sourceTree = "<group>";
		};
		A9FBFE8B1F7F3EB7006F7554 /* Products */ = {
			isa = PBXGroup;
			children = (
				A9FBFE8A1F7F3EB7006F7554 /* emptyPro.app */,
			);
			name = Products;
			sourceTree = "<group>";
		};
		A9FBFE8C1F7F3EB7006F7554 /* emptyPro */ = {
			isa = PBXGroup;
			children = (
				A9FBFEA51F7F3F3F006F7554 /* clas */,
				A9FBFE8D1F7F3EB7006F7554 /* AppDelegate.h */,
				A9FBFE8E1F7F3EB7006F7554 /* AppDelegate.m */,
				A9FBFE901F7F3EB7006F7554 /* ViewController.h */,
				A9FBFE911F7F3EB7006F7554 /* ViewController.m */,
				A9FBFE931F7F3EB7006F7554 /* Main.storyboard */,
				A9FBFE961F7F3EB7006F7554 /* Assets.xcassets */,
				A9FBFE981F7F3EB7006F7554 /* LaunchScreen.storyboard */,
				A9FBFE9B1F7F3EB7006F7554 /* Info.plist */,
				A9FBFE9C1F7F3EB7006F7554 /* main.m */,
			);
			path = emptyPro;
			sourceTree = "<group>";
		};
		A9FBFEA51F7F3F3F006F7554 /* clas */ = {
			isa = PBXGroup;
			children = (
				A9FBFEA61F7F3F4E006F7554 /* myclas.h */,
				A9FBFEA71F7F3F4E006F7554 /* myclas.m */,
			);
			path = clas;
			sourceTree = "<group>";
		};
/* End PBXGroup section */

/* Begin PBXNativeTarget section */
		A9FBFE891F7F3EB7006F7554 /* emptyPro */ = {
			isa = PBXNativeTarget;
			buildConfigurationList = A9FBFEA01F7F3EB7006F7554 /* Build configuration list for PBXNativeTarget "emptyPro" */;
			buildPhases = (
				A9FBFE861F7F3EB7006F7554 /* Sources */,
				A9FBFE871F7F3EB7006F7554 /* Frameworks */,
				A9FBFE881F7F3EB7006F7554 /* Resources */,
			);
			buildRules = (
			);
			dependencies = (
			);
			name = emptyPro;
			productName = emptyPro;
			productReference = A9FBFE8A1F7F3EB7006F7554 /* emptyPro.app */;
			productType = "com.apple.product-type.application";
		};
/* End PBXNativeTarget section */

/* Begin PBXProject section */
		A9FBFE821F7F3EB7006F7554 /* Project object */ = {
			isa = PBXProject;
			attributes = {
				LastUpgradeCheck = 0900;
				ORGANIZATIONNAME = yaning.zhu;
				TargetAttributes = {
					A9FBFE891F7F3EB7006F7554 = {
						CreatedOnToolsVersion = 9.0;
						ProvisioningStyle = Automatic;
					};
				};
			};
			buildConfigurationList = A9FBFE851F7F3EB7006F7554 /* Build configuration list for PBXProject "emptyPro" */;
			compatibilityVersion = "Xcode 8.0";
			developmentRegion = en;
			hasScannedForEncodings = 0;
			knownRegions = (
				en,
				Base,
			);
			mainGroup = A9FBFE811F7F3EB7006F7554;
			productRefGroup = A9FBFE8B1F7F3EB7006F7554 /* Products */;
			projectDirPath = "";
			projectRoot = "";
			targets = (
				A9FBFE891F7F3EB7006F7554 /* emptyPro */,
			);
		};
/* End PBXProject section */

/* Begin PBXResourcesBuildPhase section */
		A9FBFE881F7F3EB7006F7554 /* Resources */ = {
			isa = PBXResourcesBuildPhase;
			buildActionMask = 2147483647;
			files = (
				A9FBFE9A1F7F3EB7006F7554 /* LaunchScreen.storyboard in Resources */,
				A9FBFE971F7F3EB7006F7554 /* Assets.xcassets in Resources */,
				A9FBFE951F7F3EB7006F7554 /* Main.storyboard in Resources */,
			);
			runOnlyForDeploymentPostprocessing = 0;
		};
/* End PBXResourcesBuildPhase section */

/* Begin PBXSourcesBuildPhase section */
		A9FBFE861F7F3EB7006F7554 /* Sources */ = {
			isa = PBXSourcesBuildPhase;
			buildActionMask = 2147483647;
			files = (
				A9FBFEA81F7F3F4E006F7554 /* myclas.m in Sources */,
				A9FBFE921F7F3EB7006F7554 /* ViewController.m in Sources */,
				A9FBFE9D1F7F3EB7006F7554 /* main.m in Sources */,
				A9FBFE8F1F7F3EB7006F7554 /* AppDelegate.m in Sources */,
			);
			runOnlyForDeploymentPostprocessing = 0;
		};
/* End PBXSourcesBuildPhase section */

/* Begin PBXVariantGroup section */
		A9FBFE931F7F3EB7006F7554 /* Main.storyboard */ = {
			isa = PBXVariantGroup;
			children = (
				A9FBFE941F7F3EB7006F7554 /* Base */,
			);
			name = Main.storyboard;
			sourceTree = "<group>";
		};
		A9FBFE981F7F3EB7006F7554 /* LaunchScreen.storyboard */ = {
			isa = PBXVariantGroup;
			children = (
				A9FBFE991F7F3EB7006F7554 /* Base */,
			);
			name = LaunchScreen.storyboard;
			sourceTree = "<group>";
		};
/* End PBXVariantGroup section */

/* Begin XCBuildConfiguration section */
		A9FBFE9E1F7F3EB7006F7554 /* Debug */ = {
			isa = XCBuildConfiguration;
			buildSettings = {
				ALWAYS_SEARCH_USER_PATHS = NO;
				CLANG_ANALYZER_NONNULL = YES;
				CLANG_ANALYZER_NUMBER_OBJECT_CONVERSION = YES_AGGRESSIVE;
				CLANG_CXX_LANGUAGE_STANDARD = "gnu++14";
				CLANG_CXX_LIBRARY = "libc++";
				CLANG_ENABLE_MODULES = YES;
				CLANG_ENABLE_OBJC_ARC = YES;
				CLANG_WARN_BLOCK_CAPTURE_AUTORELEASING = YES;
				CLANG_WARN_BOOL_CONVERSION = YES;
				CLANG_WARN_COMMA = YES;
				CLANG_WARN_CONSTANT_CONVERSION = YES;
				CLANG_WARN_DIRECT_OBJC_ISA_USAGE = YES_ERROR;
				CLANG_WARN_DOCUMENTATION_COMMENTS = YES;
				CLANG_WARN_EMPTY_BODY = YES;
				CLANG_WARN_ENUM_CONVERSION = YES;
				CLANG_WARN_INFINITE_RECURSION = YES;
				CLANG_WARN_INT_CONVERSION = YES;
				CLANG_WARN_NON_LITERAL_NULL_CONVERSION = YES;
				CLANG_WARN_OBJC_LITERAL_CONVERSION = YES;
				CLANG_WARN_OBJC_ROOT_CLASS = YES_ERROR;
				CLANG_WARN_RANGE_LOOP_ANALYSIS = YES;
				CLANG_WARN_STRICT_PROTOTYPES = YES;
				CLANG_WARN_SUSPICIOUS_MOVE = YES;
				CLANG_WARN_UNGUARDED_AVAILABILITY = YES_AGGRESSIVE;
				CLANG_WARN_UNREACHABLE_CODE = YES;
				CLANG_WARN__DUPLICATE_METHOD_MATCH = YES;
				CODE_SIGN_IDENTITY = "iPhone Developer";
				COPY_PHASE_STRIP = NO;
				DEBUG_INFORMATION_FORMAT = dwarf;
				ENABLE_STRICT_OBJC_MSGSEND = YES;
				ENABLE_TESTABILITY = YES;
				GCC_C_LANGUAGE_STANDARD = gnu11;
				GCC_DYNAMIC_NO_PIC = NO;
				GCC_NO_COMMON_BLOCKS = YES;
				GCC_OPTIMIZATION_LEVEL = 0;
				GCC_PREPROCESSOR_DEFINITIONS = (
					"DEBUG=1",
					"$(inherited)",
				);
				GCC_WARN_64_TO_32_BIT_CONVERSION = YES;
				GCC_WARN_ABOUT_RETURN_TYPE = YES_ERROR;
				GCC_WARN_UNDECLARED_SELECTOR = YES;
				GCC_WARN_UNINITIALIZED_AUTOS = YES_AGGRESSIVE;
				GCC_WARN_UNUSED_FUNCTION = YES;
				GCC_WARN_UNUSED_VARIABLE = YES;
				IPHONEOS_DEPLOYMENT_TARGET = 11.0;
				MTL_ENABLE_DEBUG_INFO = YES;
				ONLY_ACTIVE_ARCH = YES;
				SDKROOT = iphoneos;
			};
			name = Debug;
		};
		A9FBFE9F1F7F3EB7006F7554 /* Release */ = {
			isa = XCBuildConfiguration;
			buildSettings = {
				ALWAYS_SEARCH_USER_PATHS = NO;
				CLANG_ANALYZER_NONNULL = YES;
				CLANG_ANALYZER_NUMBER_OBJECT_CONVERSION = YES_AGGRESSIVE;
				CLANG_CXX_LANGUAGE_STANDARD = "gnu++14";
				CLANG_CXX_LIBRARY = "libc++";
				CLANG_ENABLE_MODULES = YES;
				CLANG_ENABLE_OBJC_ARC = YES;
				CLANG_WARN_BLOCK_CAPTURE_AUTORELEASING = YES;
				CLANG_WARN_BOOL_CONVERSION = YES;
				CLANG_WARN_COMMA = YES;
				CLANG_WARN_CONSTANT_CONVERSION = YES;
				CLANG_WARN_DIRECT_OBJC_ISA_USAGE = YES_ERROR;
				CLANG_WARN_DOCUMENTATION_COMMENTS = YES;
				CLANG_WARN_EMPTY_BODY = YES;
				CLANG_WARN_ENUM_CONVERSION = YES;
				CLANG_WARN_INFINITE_RECURSION = YES;
				CLANG_WARN_INT_CONVERSION = YES;
				CLANG_WARN_NON_LITERAL_NULL_CONVERSION = YES;
				CLANG_WARN_OBJC_LITERAL_CONVERSION = YES;
				CLANG_WARN_OBJC_ROOT_CLASS = YES_ERROR;
				CLANG_WARN_RANGE_LOOP_ANALYSIS = YES;
				CLANG_WARN_STRICT_PROTOTYPES = YES;
				CLANG_WARN_SUSPICIOUS_MOVE = YES;
				CLANG_WARN_UNGUARDED_AVAILABILITY = YES_AGGRESSIVE;
				CLANG_WARN_UNREACHABLE_CODE = YES;
				CLANG_WARN__DUPLICATE_METHOD_MATCH = YES;
				CODE_SIGN_IDENTITY = "iPhone Developer";
				COPY_PHASE_STRIP = NO;
				DEBUG_INFORMATION_FORMAT = "dwarf-with-dsym";
				ENABLE_NS_ASSERTIONS = NO;
				ENABLE_STRICT_OBJC_MSGSEND = YES;
				GCC_C_LANGUAGE_STANDARD = gnu11;
				GCC_NO_COMMON_BLOCKS = YES;
				GCC_WARN_64_TO_32_BIT_CONVERSION = YES;
				GCC_WARN_ABOUT_RETURN_TYPE = YES_ERROR;
				GCC_WARN_UNDECLARED_SELECTOR = YES;
				GCC_WARN_UNINITIALIZED_AUTOS = YES_AGGRESSIVE;
				GCC_WARN_UNUSED_FUNCTION = YES;
				GCC_WARN_UNUSED_VARIABLE = YES;
				IPHONEOS_DEPLOYMENT_TARGET = 11.0;
				MTL_ENABLE_DEBUG_INFO = NO;
				SDKROOT = iphoneos;
				VALIDATE_PRODUCT = YES;
			};
			name = Release;
		};
		A9FBFEA11F7F3EB7006F7554 /* Debug */ = {
			isa = XCBuildConfiguration;
			buildSettings = {
				ASSETCATALOG_COMPILER_APPICON_NAME = AppIcon;
				CODE_SIGN_STYLE = Automatic;
				INFOPLIST_FILE = emptyPro/Info.plist;
				LD_RUNPATH_SEARCH_PATHS = "$(inherited) @executable_path/Frameworks";
				PRODUCT_BUNDLE_IDENTIFIER = yaning.zhu.emptyPro;
				PRODUCT_NAME = "$(TARGET_NAME)";
				TARGETED_DEVICE_FAMILY = "1,2";
			};
			name = Debug;
		};
		A9FBFEA21F7F3EB7006F7554 /* Release */ = {
			isa = XCBuildConfiguration;
			buildSettings = {
				ASSETCATALOG_COMPILER_APPICON_NAME = AppIcon;
				CODE_SIGN_STYLE = Automatic;
				INFOPLIST_FILE = emptyPro/Info.plist;
				LD_RUNPATH_SEARCH_PATHS = "$(inherited) @executable_path/Frameworks";
				PRODUCT_BUNDLE_IDENTIFIER = yaning.zhu.emptyPro;
				PRODUCT_NAME = "$(TARGET_NAME)";
				TARGETED_DEVICE_FAMILY = "1,2";
			};
			name = Release;
		};
/* End XCBuildConfiguration section */

/* Begin XCConfigurationList section */
		A9FBFE851F7F3EB7006F7554 /* Build configuration list for PBXProject "emptyPro" */ = {
			isa = XCConfigurationList;
			buildConfigurations = (
				A9FBFE9E1F7F3EB7006F7554 /* Debug */,
				A9FBFE9F1F7F3EB7006F7554 /* Release */,
			);
			defaultConfigurationIsVisible = 0;
			defaultConfigurationName = Release;
		};
		A9FBFEA01F7F3EB7006F7554 /* Build configuration list for PBXNativeTarget "emptyPro" */ = {
			isa = XCConfigurationList;
			buildConfigurations = (
				A9FBFEA11F7F3EB7006F7554 /* Debug */,
				A9FBFEA21F7F3EB7006F7554 /* Release */,
			);
			defaultConfigurationIsVisible = 0;
			defaultConfigurationName = Release;
		};
/* End XCConfigurationList section */
	};
	rootObject = A9FBFE821F7F3EB7006F7554 /* Project object */;
}
